
Microsoft Visual Studio Solution File, Format Version 12.00
# Visual Studio Version 17
VisualStudioVersion = 17.9.34622.214
MinimumVisualStudioVersion = 10.0.40219.1
Project("{FAE04EC0-301F-11D3-BF4B-00C04F79EFBC}") = "LayerRepeater", "LayerRepeater.csproj", "{135EC03A-CE86-4A5C-A305-85E76BAB0E3C}"
EndProject
Global
	GlobalSection(SolutionConfigurationPlatforms) = preSolution
		Debug|Any CPU = Debug|Any CPU
		Release|Any CPU = Release|Any CPU
	EndGlobalSection
	GlobalSection(ProjectConfigurationPlatforms) = postSolution
		{135EC03A-CE86-4A5C-A305-85E76BAB0E3C}.Debug|Any CPU.ActiveCfg = Debug|Any CPU
		{135EC03A-CE86-4A5C-A305-85E76BAB0E3C}.Debug|Any CPU.Build.0 = Debug|Any CPU
		{135EC03A-CE86-4A5C-A305-85E76BAB0E3C}.Release|Any CPU.ActiveCfg = Release|Any CPU
		{135EC03A-CE86-4A5C-A305-85E76BAB0E3C}.Release|Any CPU.Build.0 = Release|Any CPU
	EndGlobalSection
	GlobalSection(SolutionProperties) = preSolution
		HideSolutionNode = FALSE
	EndGlobalSection
	GlobalSection(ExtensibilityGlobals) = postSolution
		SolutionGuid = {CC6F0647-8FDF-40ED-B0CC-C2A11189B2B4}
	EndGlobalSection
EndGlobal
